<?xml version="1.0" encoding="UTF-8"?>
<!DOCTYPE plist PUBLIC "-//Apple//DTD PLIST 1.0//EN" "http://www.apple.com/DTDs/PropertyList-1.0.dtd">
<plist version="1.0">
<dict>
	<key>archiveVersion</key>
	<string>1</string>
	<key>classes</key>
	<dict/>
	<key>objectVersion</key>
	<string>46</string>
	<key>objects</key>
	<dict>
		<key>32663598129AC8B294F8053D</key>
		<dict>
			<key>buildActionMask</key>
			<string>2147483647</string>
			<key>files</key>
			<array/>
			<key>inputPaths</key>
			<array/>
			<key>isa</key>
			<string>PBXShellScriptBuildPhase</string>
			<key>name</key>
			<string>Check Pods Manifest.lock</string>
			<key>outputPaths</key>
			<array/>
			<key>runOnlyForDeploymentPostprocessing</key>
			<string>0</string>
			<key>shellPath</key>
			<string>/bin/sh</string>
			<key>shellScript</key>
			<string>diff "${PODS_ROOT}/../Podfile.lock" "${PODS_ROOT}/Manifest.lock" &gt; /dev/null
if [[ $? != 0 ]] ; then
    cat &lt;&lt; EOM
error: The sandbox is not in sync with the Podfile.lock. Run 'pod install' or update your CocoaPods installation.
EOM
    exit 1
fi
</string>
			<key>showEnvVarsInLog</key>
			<string>0</string>
		</dict>
		<key>37455B6CE2BC064953218E7A</key>
		<dict>
			<key>fileRef</key>
			<string>E52C74B8748D23618D83A66C</string>
			<key>isa</key>
			<string>PBXBuildFile</string>
		</dict>
		<key>440DCDEB405C0E092B6756A9</key>
		<dict>
			<key>buildActionMask</key>
			<string>2147483647</string>
			<key>files</key>
			<array/>
			<key>inputPaths</key>
			<array/>
			<key>isa</key>
			<string>PBXShellScriptBuildPhase</string>
			<key>name</key>
			<string>Copy Pods Resources</string>
			<key>outputPaths</key>
			<array/>
			<key>runOnlyForDeploymentPostprocessing</key>
			<string>0</string>
			<key>shellPath</key>
			<string>/bin/sh</string>
			<key>shellScript</key>
			<string>"${SRCROOT}/Pods/Target Support Files/Pods-assistme/Pods-assistme-resources.sh"
</string>
			<key>showEnvVarsInLog</key>
			<string>0</string>
		</dict>
		<key>52D9114C42FF92C19A5A0836</key>
		<dict>
			<key>includeInIndex</key>
			<string>1</string>
			<key>isa</key>
			<string>PBXFileReference</string>
			<key>lastKnownFileType</key>
			<string>text.xcconfig</string>
			<key>name</key>
			<string>Pods-assistme.debug.xcconfig</string>
			<key>path</key>
			<string>Pods/Target Support Files/Pods-assistme/Pods-assistme.debug.xcconfig</string>
			<key>sourceTree</key>
			<string>&lt;group&gt;</string>
		</dict>
		<key>599E7A00F0F64CB0C491B3BD</key>
		<dict>
			<key>children</key>
			<array>
				<string>52D9114C42FF92C19A5A0836</string>
				<string>6FF79CF22C7CA1B303AD33B6</string>
			</array>
			<key>isa</key>
			<string>PBXGroup</string>
			<key>name</key>
			<string>Pods</string>
			<key>sourceTree</key>
			<string>&lt;group&gt;</string>
		</dict>
		<key>6FF79CF22C7CA1B303AD33B6</key>
		<dict>
			<key>includeInIndex</key>
			<string>1</string>
			<key>isa</key>
			<string>PBXFileReference</string>
			<key>lastKnownFileType</key>
			<string>text.xcconfig</string>
			<key>name</key>
			<string>Pods-assistme.release.xcconfig</string>
			<key>path</key>
			<string>Pods/Target Support Files/Pods-assistme/Pods-assistme.release.xcconfig</string>
			<key>sourceTree</key>
			<string>&lt;group&gt;</string>
		</dict>
		<key>8A9BDCC6169A28E5935780DF</key>
		<dict>
			<key>children</key>
			<array>
				<string>E52C74B8748D23618D83A66C</string>
			</array>
			<key>isa</key>
			<string>PBXGroup</string>
			<key>name</key>
			<string>Frameworks</string>
			<key>sourceTree</key>
			<string>&lt;group&gt;</string>
		</dict>
		<key>DCFA1CAF1CA9002B0053FDCC</key>
		<dict>
			<key>children</key>
			<array>
				<string>DCFA1CFC1CA901A30053FDCC</string>
				<string>DCFA1CBA1CA9002B0053FDCC</string>
				<string>DCFA1CCE1CA9002B0053FDCC</string>
				<string>DCFA1CDD1CA9002B0053FDCC</string>
				<string>DCFA1CB91CA9002B0053FDCC</string>
				<string>599E7A00F0F64CB0C491B3BD</string>
				<string>8A9BDCC6169A28E5935780DF</string>
			</array>
			<key>isa</key>
			<string>PBXGroup</string>
			<key>sourceTree</key>
			<string>&lt;group&gt;</string>
		</dict>
		<key>DCFA1CB01CA9002B0053FDCC</key>
		<dict>
			<key>attributes</key>
			<dict>
				<key>LastSwiftUpdateCheck</key>
				<string>0730</string>
				<key>LastUpgradeCheck</key>
				<string>0730</string>
				<key>ORGANIZATIONNAME</key>
				<string>Claudius Mbemba</string>
				<key>TargetAttributes</key>
				<dict>
					<key>DCFA1CB71CA9002B0053FDCC</key>
					<dict>
						<key>CreatedOnToolsVersion</key>
						<string>7.3</string>
					</dict>
					<key>DCFA1CC91CA9002B0053FDCC</key>
					<dict>
						<key>CreatedOnToolsVersion</key>
						<string>7.3</string>
					</dict>
					<key>DCFA1CD81CA9002B0053FDCC</key>
					<dict>
						<key>CreatedOnToolsVersion</key>
						<string>7.3</string>
					</dict>
				</dict>
			</dict>
			<key>buildConfigurationList</key>
			<string>DCFA1CB31CA9002B0053FDCC</string>
			<key>compatibilityVersion</key>
			<string>Xcode 3.2</string>
			<key>developmentRegion</key>
			<string>English</string>
			<key>hasScannedForEncodings</key>
			<string>0</string>
			<key>isa</key>
			<string>PBXProject</string>
			<key>knownRegions</key>
			<array>
				<string>en</string>
				<string>Base</string>
			</array>
			<key>mainGroup</key>
			<string>DCFA1CAF1CA9002B0053FDCC</string>
			<key>productRefGroup</key>
			<string>DCFA1CB91CA9002B0053FDCC</string>
			<key>projectDirPath</key>
			<string></string>
			<key>projectReferences</key>
			<array/>
			<key>projectRoot</key>
			<string></string>
			<key>targets</key>
			<array>
				<string>DCFA1CB71CA9002B0053FDCC</string>
				<string>DCFA1CC91CA9002B0053FDCC</string>
				<string>DCFA1CD81CA9002B0053FDCC</string>
			</array>
		</dict>
		<key>DCFA1CB31CA9002B0053FDCC</key>
		<dict>
			<key>buildConfigurations</key>
			<array>
				<string>DCFA1CED1CA9002B0053FDCC</string>
				<string>DCFA1CEE1CA9002B0053FDCC</string>
			</array>
			<key>defaultConfigurationIsVisible</key>
			<string>0</string>
			<key>defaultConfigurationName</key>
			<string>Release</string>
			<key>isa</key>
			<string>XCConfigurationList</string>
		</dict>
		<key>DCFA1CB41CA9002B0053FDCC</key>
		<dict>
			<key>buildActionMask</key>
			<string>2147483647</string>
			<key>files</key>
			<array>
				<string>DCFA1CFE1CA901C40053FDCC</string>
				<string>DCFA1D021CA9022D0053FDCC</string>
				<string>DCFD8EA81CAB91690085834E</string>
				<string>DCFA1CBC1CA9002B0053FDCC</string>
				<string>DCFA1D041CA903530053FDCC</string>
			</array>
			<key>isa</key>
			<string>PBXSourcesBuildPhase</string>
			<key>runOnlyForDeploymentPostprocessing</key>
			<string>0</string>
		</dict>
		<key>DCFA1CB51CA9002B0053FDCC</key>
		<dict>
			<key>buildActionMask</key>
			<string>2147483647</string>
			<key>files</key>
			<array>
				<string>37455B6CE2BC064953218E7A</string>
			</array>
			<key>isa</key>
			<string>PBXFrameworksBuildPhase</string>
			<key>runOnlyForDeploymentPostprocessing</key>
			<string>0</string>
		</dict>
		<key>DCFA1CB61CA9002B0053FDCC</key>
		<dict>
			<key>buildActionMask</key>
			<string>2147483647</string>
			<key>files</key>
			<array>
				<string>DCFA1CC61CA9002B0053FDCC</string>
				<string>DCFA1CC31CA9002B0053FDCC</string>
				<string>DCFA1CC11CA9002B0053FDCC</string>
			</array>
			<key>isa</key>
			<string>PBXResourcesBuildPhase</string>
			<key>runOnlyForDeploymentPostprocessing</key>
			<string>0</string>
		</dict>
		<key>DCFA1CB71CA9002B0053FDCC</key>
		<dict>
			<key>buildConfigurationList</key>
			<string>DCFA1CF71CA9002B0053FDCC</string>
			<key>buildPhases</key>
			<array>
				<string>32663598129AC8B294F8053D</string>
				<string>DCFA1CB41CA9002B0053FDCC</string>
				<string>DCFA1CB51CA9002B0053FDCC</string>
				<string>DCFA1CB61CA9002B0053FDCC</string>
				<string>DCFA1CF61CA9002B0053FDCC</string>
				<string>E5725956F82ACA8C32FF7AC2</string>
				<string>440DCDEB405C0E092B6756A9</string>
			</array>
			<key>buildRules</key>
			<array/>
			<key>dependencies</key>
			<array>
				<string>DCFA1CCD1CA9002B0053FDCC</string>
			</array>
			<key>isa</key>
			<string>PBXNativeTarget</string>
			<key>name</key>
			<string>assistme</string>
			<key>productName</key>
			<string>assistme</string>
			<key>productReference</key>
			<string>DCFA1CB81CA9002B0053FDCC</string>
			<key>productType</key>
			<string>com.apple.product-type.application</string>
		</dict>
		<key>DCFA1CB81CA9002B0053FDCC</key>
		<dict>
			<key>explicitFileType</key>
			<string>wrapper.application</string>
			<key>includeInIndex</key>
			<string>0</string>
			<key>isa</key>
			<string>PBXFileReference</string>
			<key>path</key>
			<string>assistme.app</string>
			<key>sourceTree</key>
			<string>BUILT_PRODUCTS_DIR</string>
		</dict>
		<key>DCFA1CB91CA9002B0053FDCC</key>
		<dict>
			<key>children</key>
			<array>
				<string>DCFA1CB81CA9002B0053FDCC</string>
				<string>DCFA1CCA1CA9002B0053FDCC</string>
				<string>DCFA1CD91CA9002B0053FDCC</string>
			</array>
			<key>isa</key>
			<string>PBXGroup</string>
			<key>name</key>
			<string>Products</string>
			<key>sourceTree</key>
			<string>&lt;group&gt;</string>
		</dict>
		<key>DCFA1CBA1CA9002B0053FDCC</key>
		<dict>
			<key>children</key>
			<array>
				<string>DCFA1CBB1CA9002B0053FDCC</string>
				<string>DCFA1CBF1CA9002B0053FDCC</string>
				<string>DCFA1CC21CA9002B0053FDCC</string>
				<string>DCFA1CC41CA9002B0053FDCC</string>
				<string>DCFA1CC71CA9002B0053FDCC</string>
				<string>DCFA1D011CA9022D0053FDCC</string>
				<string>DCFA1D031CA903530053FDCC</string>
				<string>DCFD8EA71CAB91690085834E</string>
			</array>
			<key>isa</key>
			<string>PBXGroup</string>
			<key>path</key>
			<string>assistme</string>
			<key>sourceTree</key>
			<string>&lt;group&gt;</string>
		</dict>
		<key>DCFA1CBB1CA9002B0053FDCC</key>
		<dict>
			<key>isa</key>
			<string>PBXFileReference</string>
			<key>lastKnownFileType</key>
			<string>sourcecode.swift</string>
			<key>path</key>
			<string>AppDelegate.swift</string>
			<key>sourceTree</key>
			<string>&lt;group&gt;</string>
		</dict>
		<key>DCFA1CBC1CA9002B0053FDCC</key>
		<dict>
			<key>fileRef</key>
			<string>DCFA1CBB1CA9002B0053FDCC</string>
			<key>isa</key>
			<string>PBXBuildFile</string>
		</dict>
		<key>DCFA1CBF1CA9002B0053FDCC</key>
		<dict>
			<key>children</key>
			<array>
				<string>DCFA1CC01CA9002B0053FDCC</string>
			</array>
			<key>isa</key>
			<string>PBXVariantGroup</string>
			<key>name</key>
			<string>Main.storyboard</string>
			<key>sourceTree</key>
			<string>&lt;group&gt;</string>
		</dict>
		<key>DCFA1CC01CA9002B0053FDCC</key>
		<dict>
			<key>isa</key>
			<string>PBXFileReference</string>
			<key>lastKnownFileType</key>
			<string>file.storyboard</string>
			<key>name</key>
			<string>Base</string>
			<key>path</key>
			<string>Base.lproj/Main.storyboard</string>
			<key>sourceTree</key>
			<string>&lt;group&gt;</string>
		</dict>
		<key>DCFA1CC11CA9002B0053FDCC</key>
		<dict>
			<key>fileRef</key>
			<string>DCFA1CBF1CA9002B0053FDCC</string>
			<key>isa</key>
			<string>PBXBuildFile</string>
		</dict>
		<key>DCFA1CC21CA9002B0053FDCC</key>
		<dict>
			<key>isa</key>
			<string>PBXFileReference</string>
			<key>lastKnownFileType</key>
			<string>folder.assetcatalog</string>
			<key>path</key>
			<string>Assets.xcassets</string>
			<key>sourceTree</key>
			<string>&lt;group&gt;</string>
		</dict>
		<key>DCFA1CC31CA9002B0053FDCC</key>
		<dict>
			<key>fileRef</key>
			<string>DCFA1CC21CA9002B0053FDCC</string>
			<key>isa</key>
			<string>PBXBuildFile</string>
		</dict>
		<key>DCFA1CC41CA9002B0053FDCC</key>
		<dict>
			<key>children</key>
			<array>
				<string>DCFA1CC51CA9002B0053FDCC</string>
			</array>
			<key>isa</key>
			<string>PBXVariantGroup</string>
			<key>name</key>
			<string>LaunchScreen.storyboard</string>
			<key>sourceTree</key>
			<string>&lt;group&gt;</string>
		</dict>
		<key>DCFA1CC51CA9002B0053FDCC</key>
		<dict>
			<key>isa</key>
			<string>PBXFileReference</string>
			<key>lastKnownFileType</key>
			<string>file.storyboard</string>
			<key>name</key>
			<string>Base</string>
			<key>path</key>
			<string>Base.lproj/LaunchScreen.storyboard</string>
			<key>sourceTree</key>
			<string>&lt;group&gt;</string>
		</dict>
		<key>DCFA1CC61CA9002B0053FDCC</key>
		<dict>
			<key>fileRef</key>
			<string>DCFA1CC41CA9002B0053FDCC</string>
			<key>isa</key>
			<string>PBXBuildFile</string>
		</dict>
		<key>DCFA1CC71CA9002B0053FDCC</key>
		<dict>
			<key>isa</key>
			<string>PBXFileReference</string>
			<key>lastKnownFileType</key>
			<string>text.plist.xml</string>
			<key>path</key>
			<string>Info.plist</string>
			<key>sourceTree</key>
			<string>&lt;group&gt;</string>
		</dict>
		<key>DCFA1CC81CA9002B0053FDCC</key>
		<dict>
			<key>buildActionMask</key>
			<string>2147483647</string>
			<key>files</key>
			<array>
				<string>DCFA1CD31CA9002B0053FDCC</string>
				<string>DCFA1CD11CA9002B0053FDCC</string>
			</array>
			<key>isa</key>
			<string>PBXResourcesBuildPhase</string>
			<key>runOnlyForDeploymentPostprocessing</key>
			<string>0</string>
		</dict>
		<key>DCFA1CC91CA9002B0053FDCC</key>
		<dict>
			<key>buildConfigurationList</key>
			<string>DCFA1CF31CA9002B0053FDCC</string>
			<key>buildPhases</key>
			<array>
				<string>DCFA1CC81CA9002B0053FDCC</string>
				<string>DCFA1CF21CA9002B0053FDCC</string>
			</array>
			<key>buildRules</key>
			<array/>
			<key>dependencies</key>
			<array>
				<string>DCFA1CDC1CA9002B0053FDCC</string>
			</array>
			<key>isa</key>
			<string>PBXNativeTarget</string>
			<key>name</key>
			<string>assistme WatchKit App</string>
			<key>productName</key>
			<string>assistme WatchKit App</string>
			<key>productReference</key>
			<string>DCFA1CCA1CA9002B0053FDCC</string>
			<key>productType</key>
			<string>com.apple.product-type.application.watchapp2</string>
		</dict>
		<key>DCFA1CCA1CA9002B0053FDCC</key>
		<dict>
			<key>explicitFileType</key>
			<string>wrapper.application</string>
			<key>includeInIndex</key>
			<string>0</string>
			<key>isa</key>
			<string>PBXFileReference</string>
			<key>path</key>
			<string>assistme WatchKit App.app</string>
			<key>sourceTree</key>
			<string>BUILT_PRODUCTS_DIR</string>
		</dict>
		<key>DCFA1CCB1CA9002B0053FDCC</key>
		<dict>
			<key>fileRef</key>
			<string>DCFA1CCA1CA9002B0053FDCC</string>
			<key>isa</key>
			<string>PBXBuildFile</string>
		</dict>
		<key>DCFA1CCC1CA9002B0053FDCC</key>
		<dict>
			<key>containerPortal</key>
			<string>DCFA1CB01CA9002B0053FDCC</string>
			<key>isa</key>
			<string>PBXContainerItemProxy</string>
			<key>proxyType</key>
			<string>1</string>
			<key>remoteGlobalIDString</key>
			<string>DCFA1CC91CA9002B0053FDCC</string>
			<key>remoteInfo</key>
			<string>assistme WatchKit App</string>
		</dict>
		<key>DCFA1CCD1CA9002B0053FDCC</key>
		<dict>
			<key>isa</key>
			<string>PBXTargetDependency</string>
			<key>target</key>
			<string>DCFA1CC91CA9002B0053FDCC</string>
			<key>targetProxy</key>
			<string>DCFA1CCC1CA9002B0053FDCC</string>
		</dict>
		<key>DCFA1CCE1CA9002B0053FDCC</key>
		<dict>
			<key>children</key>
			<array>
				<string>DCFA1CCF1CA9002B0053FDCC</string>
				<string>DCFA1CD21CA9002B0053FDCC</string>
				<string>DCFA1CD41CA9002B0053FDCC</string>
			</array>
			<key>isa</key>
			<string>PBXGroup</string>
			<key>path</key>
			<string>assistme WatchKit App</string>
			<key>sourceTree</key>
			<string>&lt;group&gt;</string>
		</dict>
		<key>DCFA1CCF1CA9002B0053FDCC</key>
		<dict>
			<key>children</key>
			<array>
				<string>DCFA1CD01CA9002B0053FDCC</string>
			</array>
			<key>isa</key>
			<string>PBXVariantGroup</string>
			<key>name</key>
			<string>Interface.storyboard</string>
			<key>sourceTree</key>
			<string>&lt;group&gt;</string>
		</dict>
		<key>DCFA1CD01CA9002B0053FDCC</key>
		<dict>
			<key>isa</key>
			<string>PBXFileReference</string>
			<key>lastKnownFileType</key>
			<string>file.storyboard</string>
			<key>name</key>
			<string>Base</string>
			<key>path</key>
			<string>Base.lproj/Interface.storyboard</string>
			<key>sourceTree</key>
			<string>&lt;group&gt;</string>
		</dict>
		<key>DCFA1CD11CA9002B0053FDCC</key>
		<dict>
			<key>fileRef</key>
			<string>DCFA1CCF1CA9002B0053FDCC</string>
			<key>isa</key>
			<string>PBXBuildFile</string>
		</dict>
		<key>DCFA1CD21CA9002B0053FDCC</key>
		<dict>
			<key>isa</key>
			<string>PBXFileReference</string>
			<key>lastKnownFileType</key>
			<string>folder.assetcatalog</string>
			<key>path</key>
			<string>Assets.xcassets</string>
			<key>sourceTree</key>
			<string>&lt;group&gt;</string>
		</dict>
		<key>DCFA1CD31CA9002B0053FDCC</key>
		<dict>
			<key>fileRef</key>
			<string>DCFA1CD21CA9002B0053FDCC</string>
			<key>isa</key>
			<string>PBXBuildFile</string>
		</dict>
		<key>DCFA1CD41CA9002B0053FDCC</key>
		<dict>
			<key>isa</key>
			<string>PBXFileReference</string>
			<key>lastKnownFileType</key>
			<string>text.plist.xml</string>
			<key>path</key>
			<string>Info.plist</string>
			<key>sourceTree</key>
			<string>&lt;group&gt;</string>
		</dict>
		<key>DCFA1CD51CA9002B0053FDCC</key>
		<dict>
			<key>buildActionMask</key>
			<string>2147483647</string>
			<key>files</key>
			<array>
				<string>DCFA1CE51CA9002B0053FDCC</string>
				<string>DCFA1CE31CA9002B0053FDCC</string>
				<string>DCFA1CE91CA9002B0053FDCC</string>
				<string>DCFA1CE11CA9002B0053FDCC</string>
				<string>DCFA1CE71CA9002B0053FDCC</string>
			</array>
			<key>isa</key>
			<string>PBXSourcesBuildPhase</string>
			<key>runOnlyForDeploymentPostprocessing</key>
			<string>0</string>
		</dict>
		<key>DCFA1CD61CA9002B0053FDCC</key>
		<dict>
			<key>buildActionMask</key>
			<string>2147483647</string>
			<key>files</key>
			<array/>
			<key>isa</key>
			<string>PBXFrameworksBuildPhase</string>
			<key>runOnlyForDeploymentPostprocessing</key>
			<string>0</string>
		</dict>
		<key>DCFA1CD71CA9002B0053FDCC</key>
		<dict>
			<key>buildActionMask</key>
			<string>2147483647</string>
			<key>files</key>
			<array>
				<string>DCFA1CEB1CA9002B0053FDCC</string>
			</array>
			<key>isa</key>
			<string>PBXResourcesBuildPhase</string>
			<key>runOnlyForDeploymentPostprocessing</key>
			<string>0</string>
		</dict>
		<key>DCFA1CD81CA9002B0053FDCC</key>
		<dict>
			<key>buildConfigurationList</key>
			<string>DCFA1CEF1CA9002B0053FDCC</string>
			<key>buildPhases</key>
			<array>
				<string>DCFA1CD51CA9002B0053FDCC</string>
				<string>DCFA1CD61CA9002B0053FDCC</string>
				<string>DCFA1CD71CA9002B0053FDCC</string>
			</array>
			<key>buildRules</key>
			<array/>
			<key>dependencies</key>
			<array/>
			<key>isa</key>
			<string>PBXNativeTarget</string>
			<key>name</key>
			<string>assistme WatchKit Extension</string>
			<key>productName</key>
			<string>assistme WatchKit Extension</string>
			<key>productReference</key>
			<string>DCFA1CD91CA9002B0053FDCC</string>
			<key>productType</key>
			<string>com.apple.product-type.watchkit2-extension</string>
		</dict>
		<key>DCFA1CD91CA9002B0053FDCC</key>
		<dict>
			<key>explicitFileType</key>
			<string>wrapper.app-extension</string>
			<key>includeInIndex</key>
			<string>0</string>
			<key>isa</key>
			<string>PBXFileReference</string>
			<key>path</key>
			<string>assistme WatchKit Extension.appex</string>
			<key>sourceTree</key>
			<string>BUILT_PRODUCTS_DIR</string>
		</dict>
		<key>DCFA1CDA1CA9002B0053FDCC</key>
		<dict>
			<key>fileRef</key>
			<string>DCFA1CD91CA9002B0053FDCC</string>
			<key>isa</key>
			<string>PBXBuildFile</string>
			<key>settings</key>
			<dict>
				<key>ATTRIBUTES</key>
				<array>
					<string>RemoveHeadersOnCopy</string>
				</array>
			</dict>
		</dict>
		<key>DCFA1CDB1CA9002B0053FDCC</key>
		<dict>
			<key>containerPortal</key>
			<string>DCFA1CB01CA9002B0053FDCC</string>
			<key>isa</key>
			<string>PBXContainerItemProxy</string>
			<key>proxyType</key>
			<string>1</string>
			<key>remoteGlobalIDString</key>
			<string>DCFA1CD81CA9002B0053FDCC</string>
			<key>remoteInfo</key>
			<string>assistme WatchKit Extension</string>
		</dict>
		<key>DCFA1CDC1CA9002B0053FDCC</key>
		<dict>
			<key>isa</key>
			<string>PBXTargetDependency</string>
			<key>target</key>
			<string>DCFA1CD81CA9002B0053FDCC</string>
			<key>targetProxy</key>
			<string>DCFA1CDB1CA9002B0053FDCC</string>
		</dict>
		<key>DCFA1CDD1CA9002B0053FDCC</key>
		<dict>
			<key>children</key>
			<array>
				<string>DCFA1CE01CA9002B0053FDCC</string>
				<string>DCFA1CE21CA9002B0053FDCC</string>
				<string>DCFA1CE41CA9002B0053FDCC</string>
				<string>DCFA1CE61CA9002B0053FDCC</string>
				<string>DCFA1CE81CA9002B0053FDCC</string>
				<string>DCFA1CEA1CA9002B0053FDCC</string>
				<string>DCFA1CEC1CA9002B0053FDCC</string>
				<string>DCFA1CDE1CA9002B0053FDCC</string>
			</array>
			<key>isa</key>
			<string>PBXGroup</string>
			<key>path</key>
			<string>assistme WatchKit Extension</string>
			<key>sourceTree</key>
			<string>&lt;group&gt;</string>
		</dict>
		<key>DCFA1CDE1CA9002B0053FDCC</key>
		<dict>
			<key>children</key>
			<array>
				<string>DCFA1CDF1CA9002B0053FDCC</string>
			</array>
			<key>isa</key>
			<string>PBXGroup</string>
			<key>name</key>
			<string>Supporting Files</string>
			<key>sourceTree</key>
			<string>&lt;group&gt;</string>
		</dict>
		<key>DCFA1CDF1CA9002B0053FDCC</key>
		<dict>
			<key>isa</key>
			<string>PBXFileReference</string>
			<key>lastKnownFileType</key>
			<string>text</string>
			<key>path</key>
			<string>PushNotificationPayload.apns</string>
			<key>sourceTree</key>
			<string>&lt;group&gt;</string>
		</dict>
		<key>DCFA1CE01CA9002B0053FDCC</key>
		<dict>
			<key>isa</key>
			<string>PBXFileReference</string>
			<key>lastKnownFileType</key>
			<string>sourcecode.swift</string>
			<key>path</key>
			<string>InterfaceController.swift</string>
			<key>sourceTree</key>
			<string>&lt;group&gt;</string>
		</dict>
		<key>DCFA1CE11CA9002B0053FDCC</key>
		<dict>
			<key>fileRef</key>
			<string>DCFA1CE01CA9002B0053FDCC</string>
			<key>isa</key>
			<string>PBXBuildFile</string>
		</dict>
		<key>DCFA1CE21CA9002B0053FDCC</key>
		<dict>
			<key>isa</key>
			<string>PBXFileReference</string>
			<key>lastKnownFileType</key>
			<string>sourcecode.swift</string>
			<key>path</key>
			<string>ExtensionDelegate.swift</string>
			<key>sourceTree</key>
			<string>&lt;group&gt;</string>
		</dict>
		<key>DCFA1CE31CA9002B0053FDCC</key>
		<dict>
			<key>fileRef</key>
			<string>DCFA1CE21CA9002B0053FDCC</string>
			<key>isa</key>
			<string>PBXBuildFile</string>
		</dict>
		<key>DCFA1CE41CA9002B0053FDCC</key>
		<dict>
			<key>isa</key>
			<string>PBXFileReference</string>
			<key>lastKnownFileType</key>
			<string>sourcecode.swift</string>
			<key>path</key>
			<string>NotificationController.swift</string>
			<key>sourceTree</key>
			<string>&lt;group&gt;</string>
		</dict>
		<key>DCFA1CE51CA9002B0053FDCC</key>
		<dict>
			<key>fileRef</key>
			<string>DCFA1CE41CA9002B0053FDCC</string>
			<key>isa</key>
			<string>PBXBuildFile</string>
		</dict>
		<key>DCFA1CE61CA9002B0053FDCC</key>
		<dict>
			<key>isa</key>
			<string>PBXFileReference</string>
			<key>lastKnownFileType</key>
			<string>sourcecode.swift</string>
			<key>path</key>
			<string>GlanceController.swift</string>
			<key>sourceTree</key>
			<string>&lt;group&gt;</string>
		</dict>
		<key>DCFA1CE71CA9002B0053FDCC</key>
		<dict>
			<key>fileRef</key>
			<string>DCFA1CE61CA9002B0053FDCC</string>
			<key>isa</key>
			<string>PBXBuildFile</string>
		</dict>
		<key>DCFA1CE81CA9002B0053FDCC</key>
		<dict>
			<key>isa</key>
			<string>PBXFileReference</string>
			<key>lastKnownFileType</key>
			<string>sourcecode.swift</string>
			<key>path</key>
			<string>ComplicationController.swift</string>
			<key>sourceTree</key>
			<string>&lt;group&gt;</string>
		</dict>
		<key>DCFA1CE91CA9002B0053FDCC</key>
		<dict>
			<key>fileRef</key>
			<string>DCFA1CE81CA9002B0053FDCC</string>
			<key>isa</key>
			<string>PBXBuildFile</string>
		</dict>
		<key>DCFA1CEA1CA9002B0053FDCC</key>
		<dict>
			<key>isa</key>
			<string>PBXFileReference</string>
			<key>lastKnownFileType</key>
			<string>folder.assetcatalog</string>
			<key>path</key>
			<string>Assets.xcassets</string>
			<key>sourceTree</key>
			<string>&lt;group&gt;</string>
		</dict>
		<key>DCFA1CEB1CA9002B0053FDCC</key>
		<dict>
			<key>fileRef</key>
			<string>DCFA1CEA1CA9002B0053FDCC</string>
			<key>isa</key>
			<string>PBXBuildFile</string>
		</dict>
		<key>DCFA1CEC1CA9002B0053FDCC</key>
		<dict>
			<key>isa</key>
			<string>PBXFileReference</string>
			<key>lastKnownFileType</key>
			<string>text.plist.xml</string>
			<key>path</key>
			<string>Info.plist</string>
			<key>sourceTree</key>
			<string>&lt;group&gt;</string>
		</dict>
		<key>DCFA1CED1CA9002B0053FDCC</key>
		<dict>
			<key>buildSettings</key>
			<dict>
				<key>ALWAYS_SEARCH_USER_PATHS</key>
				<string>NO</string>
				<key>CLANG_ANALYZER_NONNULL</key>
				<string>YES</string>
				<key>CLANG_CXX_LANGUAGE_STANDARD</key>
				<string>gnu++0x</string>
				<key>CLANG_CXX_LIBRARY</key>
				<string>libc++</string>
				<key>CLANG_ENABLE_MODULES</key>
				<string>YES</string>
				<key>CLANG_ENABLE_OBJC_ARC</key>
				<string>YES</string>
				<key>CLANG_WARN_BOOL_CONVERSION</key>
				<string>YES</string>
				<key>CLANG_WARN_CONSTANT_CONVERSION</key>
				<string>YES</string>
				<key>CLANG_WARN_DIRECT_OBJC_ISA_USAGE</key>
				<string>YES_ERROR</string>
				<key>CLANG_WARN_EMPTY_BODY</key>
				<string>YES</string>
				<key>CLANG_WARN_ENUM_CONVERSION</key>
				<string>YES</string>
				<key>CLANG_WARN_INT_CONVERSION</key>
				<string>YES</string>
				<key>CLANG_WARN_OBJC_ROOT_CLASS</key>
				<string>YES_ERROR</string>
				<key>CLANG_WARN_UNREACHABLE_CODE</key>
				<string>YES</string>
				<key>CLANG_WARN__DUPLICATE_METHOD_MATCH</key>
				<string>YES</string>
				<key>CODE_SIGN_IDENTITY[sdk=iphoneos*]</key>
				<string>iPhone Developer</string>
				<key>COPY_PHASE_STRIP</key>
				<string>NO</string>
				<key>DEBUG_INFORMATION_FORMAT</key>
				<string>dwarf</string>
				<key>ENABLE_STRICT_OBJC_MSGSEND</key>
				<string>YES</string>
				<key>ENABLE_TESTABILITY</key>
				<string>YES</string>
				<key>GCC_C_LANGUAGE_STANDARD</key>
				<string>gnu99</string>
				<key>GCC_DYNAMIC_NO_PIC</key>
				<string>NO</string>
				<key>GCC_NO_COMMON_BLOCKS</key>
				<string>YES</string>
				<key>GCC_OPTIMIZATION_LEVEL</key>
				<string>0</string>
				<key>GCC_PREPROCESSOR_DEFINITIONS</key>
				<array>
					<string>DEBUG=1</string>
					<string>$(inherited)</string>
				</array>
				<key>GCC_WARN_64_TO_32_BIT_CONVERSION</key>
				<string>YES</string>
				<key>GCC_WARN_ABOUT_RETURN_TYPE</key>
				<string>YES_ERROR</string>
				<key>GCC_WARN_UNDECLARED_SELECTOR</key>
				<string>YES</string>
				<key>GCC_WARN_UNINITIALIZED_AUTOS</key>
				<string>YES_AGGRESSIVE</string>
				<key>GCC_WARN_UNUSED_FUNCTION</key>
				<string>YES</string>
				<key>GCC_WARN_UNUSED_VARIABLE</key>
				<string>YES</string>
				<key>IPHONEOS_DEPLOYMENT_TARGET</key>
				<string>9.3</string>
				<key>MTL_ENABLE_DEBUG_INFO</key>
				<string>YES</string>
				<key>ONLY_ACTIVE_ARCH</key>
				<string>YES</string>
				<key>SDKROOT</key>
				<string>iphoneos</string>
				<key>SWIFT_OPTIMIZATION_LEVEL</key>
				<string>-Onone</string>
			</dict>
			<key>isa</key>
			<string>XCBuildConfiguration</string>
			<key>name</key>
			<string>Debug</string>
		</dict>
		<key>DCFA1CEE1CA9002B0053FDCC</key>
		<dict>
			<key>buildSettings</key>
			<dict>
				<key>ALWAYS_SEARCH_USER_PATHS</key>
				<string>NO</string>
				<key>CLANG_ANALYZER_NONNULL</key>
				<string>YES</string>
				<key>CLANG_CXX_LANGUAGE_STANDARD</key>
				<string>gnu++0x</string>
				<key>CLANG_CXX_LIBRARY</key>
				<string>libc++</string>
				<key>CLANG_ENABLE_MODULES</key>
				<string>YES</string>
				<key>CLANG_ENABLE_OBJC_ARC</key>
				<string>YES</string>
				<key>CLANG_WARN_BOOL_CONVERSION</key>
				<string>YES</string>
				<key>CLANG_WARN_CONSTANT_CONVERSION</key>
				<string>YES</string>
				<key>CLANG_WARN_DIRECT_OBJC_ISA_USAGE</key>
				<string>YES_ERROR</string>
				<key>CLANG_WARN_EMPTY_BODY</key>
				<string>YES</string>
				<key>CLANG_WARN_ENUM_CONVERSION</key>
				<string>YES</string>
				<key>CLANG_WARN_INT_CONVERSION</key>
				<string>YES</string>
				<key>CLANG_WARN_OBJC_ROOT_CLASS</key>
				<string>YES_ERROR</string>
				<key>CLANG_WARN_UNREACHABLE_CODE</key>
				<string>YES</string>
				<key>CLANG_WARN__DUPLICATE_METHOD_MATCH</key>
				<string>YES</string>
				<key>CODE_SIGN_IDENTITY[sdk=iphoneos*]</key>
				<string>iPhone Developer</string>
				<key>COPY_PHASE_STRIP</key>
				<string>NO</string>
				<key>DEBUG_INFORMATION_FORMAT</key>
				<string>dwarf-with-dsym</string>
				<key>ENABLE_NS_ASSERTIONS</key>
				<string>NO</string>
				<key>ENABLE_STRICT_OBJC_MSGSEND</key>
				<string>YES</string>
				<key>GCC_C_LANGUAGE_STANDARD</key>
				<string>gnu99</string>
				<key>GCC_NO_COMMON_BLOCKS</key>
				<string>YES</string>
				<key>GCC_WARN_64_TO_32_BIT_CONVERSION</key>
				<string>YES</string>
				<key>GCC_WARN_ABOUT_RETURN_TYPE</key>
				<string>YES_ERROR</string>
				<key>GCC_WARN_UNDECLARED_SELECTOR</key>
				<string>YES</string>
				<key>GCC_WARN_UNINITIALIZED_AUTOS</key>
				<string>YES_AGGRESSIVE</string>
				<key>GCC_WARN_UNUSED_FUNCTION</key>
				<string>YES</string>
				<key>GCC_WARN_UNUSED_VARIABLE</key>
				<string>YES</string>
				<key>IPHONEOS_DEPLOYMENT_TARGET</key>
				<string>9.3</string>
				<key>MTL_ENABLE_DEBUG_INFO</key>
				<string>NO</string>
				<key>SDKROOT</key>
				<string>iphoneos</string>
				<key>VALIDATE_PRODUCT</key>
				<string>YES</string>
			</dict>
			<key>isa</key>
			<string>XCBuildConfiguration</string>
			<key>name</key>
			<string>Release</string>
		</dict>
		<key>DCFA1CEF1CA9002B0053FDCC</key>
		<dict>
			<key>buildConfigurations</key>
			<array>
				<string>DCFA1CF01CA9002B0053FDCC</string>
				<string>DCFA1CF11CA9002B0053FDCC</string>
			</array>
			<key>defaultConfigurationIsVisible</key>
			<string>0</string>
			<key>defaultConfigurationName</key>
			<string>Release</string>
			<key>isa</key>
			<string>XCConfigurationList</string>
		</dict>
		<key>DCFA1CF01CA9002B0053FDCC</key>
		<dict>
			<key>buildSettings</key>
			<dict>
				<key>ASSETCATALOG_COMPILER_COMPLICATION_NAME</key>
				<string>Complication</string>
				<key>INFOPLIST_FILE</key>
				<string>assistme WatchKit Extension/Info.plist</string>
				<key>LD_RUNPATH_SEARCH_PATHS</key>
				<string>$(inherited) @executable_path/Frameworks @executable_path/../../Frameworks</string>
				<key>PRODUCT_BUNDLE_IDENTIFIER</key>
				<string>com.claudiusmbemba.assistme.watchkitapp.watchkitextension</string>
				<key>PRODUCT_NAME</key>
				<string>${TARGET_NAME}</string>
				<key>SDKROOT</key>
				<string>watchos</string>
				<key>SKIP_INSTALL</key>
				<string>YES</string>
				<key>TARGETED_DEVICE_FAMILY</key>
				<string>4</string>
				<key>WATCHOS_DEPLOYMENT_TARGET</key>
				<string>2.2</string>
			</dict>
			<key>isa</key>
			<string>XCBuildConfiguration</string>
			<key>name</key>
			<string>Debug</string>
		</dict>
		<key>DCFA1CF11CA9002B0053FDCC</key>
		<dict>
			<key>buildSettings</key>
			<dict>
				<key>ASSETCATALOG_COMPILER_COMPLICATION_NAME</key>
				<string>Complication</string>
				<key>INFOPLIST_FILE</key>
				<string>assistme WatchKit Extension/Info.plist</string>
				<key>LD_RUNPATH_SEARCH_PATHS</key>
				<string>$(inherited) @executable_path/Frameworks @executable_path/../../Frameworks</string>
				<key>PRODUCT_BUNDLE_IDENTIFIER</key>
				<string>com.claudiusmbemba.assistme.watchkitapp.watchkitextension</string>
				<key>PRODUCT_NAME</key>
				<string>${TARGET_NAME}</string>
				<key>SDKROOT</key>
				<string>watchos</string>
				<key>SKIP_INSTALL</key>
				<string>YES</string>
				<key>TARGETED_DEVICE_FAMILY</key>
				<string>4</string>
				<key>WATCHOS_DEPLOYMENT_TARGET</key>
				<string>2.2</string>
			</dict>
			<key>isa</key>
			<string>XCBuildConfiguration</string>
			<key>name</key>
			<string>Release</string>
		</dict>
		<key>DCFA1CF21CA9002B0053FDCC</key>
		<dict>
			<key>buildActionMask</key>
			<string>2147483647</string>
			<key>dstPath</key>
			<string></string>
			<key>dstSubfolderSpec</key>
			<string>13</string>
			<key>files</key>
			<array>
				<string>DCFA1CDA1CA9002B0053FDCC</string>
			</array>
			<key>isa</key>
			<string>PBXCopyFilesBuildPhase</string>
			<key>name</key>
			<string>Embed App Extensions</string>
			<key>runOnlyForDeploymentPostprocessing</key>
			<string>0</string>
		</dict>
		<key>DCFA1CF31CA9002B0053FDCC</key>
		<dict>
			<key>buildConfigurations</key>
			<array>
				<string>DCFA1CF41CA9002B0053FDCC</string>
				<string>DCFA1CF51CA9002B0053FDCC</string>
			</array>
			<key>defaultConfigurationIsVisible</key>
			<string>0</string>
			<key>defaultConfigurationName</key>
			<string>Release</string>
			<key>isa</key>
			<string>XCConfigurationList</string>
		</dict>
		<key>DCFA1CF41CA9002B0053FDCC</key>
		<dict>
			<key>buildSettings</key>
			<dict>
				<key>ASSETCATALOG_COMPILER_APPICON_NAME</key>
				<string>AppIcon</string>
				<key>EMBEDDED_CONTENT_CONTAINS_SWIFT</key>
				<string>YES</string>
				<key>IBSC_MODULE</key>
				<string>assistme_WatchKit_Extension</string>
				<key>INFOPLIST_FILE</key>
				<string>assistme WatchKit App/Info.plist</string>
				<key>PRODUCT_BUNDLE_IDENTIFIER</key>
				<string>com.claudiusmbemba.assistme.watchkitapp</string>
				<key>PRODUCT_NAME</key>
				<string>$(TARGET_NAME)</string>
				<key>SDKROOT</key>
				<string>watchos</string>
				<key>SKIP_INSTALL</key>
				<string>YES</string>
				<key>TARGETED_DEVICE_FAMILY</key>
				<string>4</string>
				<key>WATCHOS_DEPLOYMENT_TARGET</key>
				<string>2.2</string>
			</dict>
			<key>isa</key>
			<string>XCBuildConfiguration</string>
			<key>name</key>
			<string>Debug</string>
		</dict>
		<key>DCFA1CF51CA9002B0053FDCC</key>
		<dict>
			<key>buildSettings</key>
			<dict>
				<key>ASSETCATALOG_COMPILER_APPICON_NAME</key>
				<string>AppIcon</string>
				<key>EMBEDDED_CONTENT_CONTAINS_SWIFT</key>
				<string>YES</string>
				<key>IBSC_MODULE</key>
				<string>assistme_WatchKit_Extension</string>
				<key>INFOPLIST_FILE</key>
				<string>assistme WatchKit App/Info.plist</string>
				<key>PRODUCT_BUNDLE_IDENTIFIER</key>
				<string>com.claudiusmbemba.assistme.watchkitapp</string>
				<key>PRODUCT_NAME</key>
				<string>$(TARGET_NAME)</string>
				<key>SDKROOT</key>
				<string>watchos</string>
				<key>SKIP_INSTALL</key>
				<string>YES</string>
				<key>TARGETED_DEVICE_FAMILY</key>
				<string>4</string>
				<key>WATCHOS_DEPLOYMENT_TARGET</key>
				<string>2.2</string>
			</dict>
			<key>isa</key>
			<string>XCBuildConfiguration</string>
			<key>name</key>
			<string>Release</string>
		</dict>
		<key>DCFA1CF61CA9002B0053FDCC</key>
		<dict>
			<key>buildActionMask</key>
			<string>2147483647</string>
			<key>dstPath</key>
			<string>$(CONTENTS_FOLDER_PATH)/Watch</string>
			<key>dstSubfolderSpec</key>
			<string>16</string>
			<key>files</key>
			<array>
				<string>DCFA1CCB1CA9002B0053FDCC</string>
			</array>
			<key>isa</key>
			<string>PBXCopyFilesBuildPhase</string>
			<key>name</key>
			<string>Embed Watch Content</string>
			<key>runOnlyForDeploymentPostprocessing</key>
			<string>0</string>
		</dict>
		<key>DCFA1CF71CA9002B0053FDCC</key>
		<dict>
			<key>buildConfigurations</key>
			<array>
				<string>DCFA1CF81CA9002B0053FDCC</string>
				<string>DCFA1CF91CA9002B0053FDCC</string>
			</array>
			<key>defaultConfigurationIsVisible</key>
			<string>0</string>
			<key>defaultConfigurationName</key>
			<string>Release</string>
			<key>isa</key>
			<string>XCConfigurationList</string>
		</dict>
		<key>DCFA1CF81CA9002B0053FDCC</key>
		<dict>
			<key>baseConfigurationReference</key>
			<string>52D9114C42FF92C19A5A0836</string>
			<key>buildSettings</key>
			<dict>
				<key>ASSETCATALOG_COMPILER_APPICON_NAME</key>
				<string>AppIcon</string>
				<key>INFOPLIST_FILE</key>
				<string>assistme/Info.plist</string>
				<key>LD_RUNPATH_SEARCH_PATHS</key>
				<string>$(inherited) @executable_path/Frameworks</string>
				<key>PRODUCT_BUNDLE_IDENTIFIER</key>
				<string>com.claudiusmbemba.assistme</string>
				<key>PRODUCT_NAME</key>
				<string>$(TARGET_NAME)</string>
			</dict>
			<key>isa</key>
			<string>XCBuildConfiguration</string>
			<key>name</key>
			<string>Debug</string>
		</dict>
		<key>DCFA1CF91CA9002B0053FDCC</key>
		<dict>
			<key>baseConfigurationReference</key>
			<string>6FF79CF22C7CA1B303AD33B6</string>
			<key>buildSettings</key>
			<dict>
				<key>ASSETCATALOG_COMPILER_APPICON_NAME</key>
				<string>AppIcon</string>
				<key>INFOPLIST_FILE</key>
				<string>assistme/Info.plist</string>
				<key>LD_RUNPATH_SEARCH_PATHS</key>
				<string>$(inherited) @executable_path/Frameworks</string>
				<key>PRODUCT_BUNDLE_IDENTIFIER</key>
				<string>com.claudiusmbemba.assistme</string>
				<key>PRODUCT_NAME</key>
				<string>$(TARGET_NAME)</string>
			</dict>
			<key>isa</key>
			<string>XCBuildConfiguration</string>
			<key>name</key>
			<string>Release</string>
		</dict>
		<key>DCFA1CFC1CA901A30053FDCC</key>
		<dict>
			<key>children</key>
			<array>
				<string>DCFA1CFD1CA901C40053FDCC</string>
			</array>
			<key>isa</key>
			<string>PBXGroup</string>
			<key>name</key>
			<string>Shared</string>
			<key>path</key>
			<string>assistme</string>
			<key>sourceTree</key>
			<string>&lt;group&gt;</string>
		</dict>
		<key>DCFA1CFD1CA901C40053FDCC</key>
		<dict>
			<key>fileEncoding</key>
			<string>4</string>
			<key>isa</key>
			<string>PBXFileReference</string>
			<key>lastKnownFileType</key>
			<string>sourcecode.swift</string>
			<key>path</key>
			<string>API.swift</string>
			<key>sourceTree</key>
			<string>&lt;group&gt;</string>
		</dict>
		<key>DCFA1CFE1CA901C40053FDCC</key>
		<dict>
			<key>fileRef</key>
			<string>DCFA1CFD1CA901C40053FDCC</string>
			<key>isa</key>
			<string>PBXBuildFile</string>
		</dict>
		<key>DCFA1D011CA9022D0053FDCC</key>
		<dict>
			<key>fileEncoding</key>
			<string>4</string>
			<key>isa</key>
			<string>PBXFileReference</string>
			<key>lastKnownFileType</key>
			<string>sourcecode.swift</string>
			<key>path</key>
			<string>ChatViewController.swift</string>
			<key>sourceTree</key>
			<string>&lt;group&gt;</string>
		</dict>
		<key>DCFA1D021CA9022D0053FDCC</key>
		<dict>
			<key>fileRef</key>
			<string>DCFA1D011CA9022D0053FDCC</string>
			<key>isa</key>
			<string>PBXBuildFile</string>
		</dict>
		<key>DCFA1D031CA903530053FDCC</key>
		<dict>
			<key>fileEncoding</key>
			<string>4</string>
			<key>isa</key>
			<string>PBXFileReference</string>
			<key>lastKnownFileType</key>
			<string>sourcecode.swift</string>
			<key>path</key>
			<string>TableViewController.swift</string>
			<key>sourceTree</key>
			<string>&lt;group&gt;</string>
		</dict>
		<key>DCFA1D041CA903530053FDCC</key>
		<dict>
			<key>fileRef</key>
			<string>DCFA1D031CA903530053FDCC</string>
			<key>isa</key>
			<string>PBXBuildFile</string>
		</dict>
		<key>DCFD8EA71CAB91690085834E</key>
		<dict>
			<key>fileEncoding</key>
			<string>4</string>
			<key>isa</key>
			<string>PBXFileReference</string>
			<key>lastKnownFileType</key>
			<string>sourcecode.swift</string>
			<key>path</key>
			<string>DialogTableViewCell.swift</string>
			<key>sourceTree</key>
			<string>&lt;group&gt;</string>
		</dict>
		<key>DCFD8EA81CAB91690085834E</key>
		<dict>
			<key>fileRef</key>
			<string>DCFD8EA71CAB91690085834E</string>
			<key>isa</key>
			<string>PBXBuildFile</string>
		</dict>
		<key>E52C74B8748D23618D83A66C</key>
		<dict>
			<key>explicitFileType</key>
			<string>wrapper.framework</string>
			<key>includeInIndex</key>
			<string>0</string>
			<key>isa</key>
			<string>PBXFileReference</string>
			<key>path</key>
			<string>Pods_assistme.framework</string>
			<key>sourceTree</key>
			<string>BUILT_PRODUCTS_DIR</string>
		</dict>
		<key>E5725956F82ACA8C32FF7AC2</key>
		<dict>
			<key>buildActionMask</key>
			<string>2147483647</string>
			<key>files</key>
			<array/>
			<key>inputPaths</key>
			<array/>
			<key>isa</key>
			<string>PBXShellScriptBuildPhase</string>
			<key>name</key>
			<string>Embed Pods Frameworks</string>
			<key>outputPaths</key>
			<array/>
			<key>runOnlyForDeploymentPostprocessing</key>
			<string>0</string>
			<key>shellPath</key>
			<string>/bin/sh</string>
			<key>shellScript</key>
			<string>"${SRCROOT}/Pods/Target Support Files/Pods-assistme/Pods-assistme-frameworks.sh"
</string>
			<key>showEnvVarsInLog</key>
			<string>0</string>
		</dict>
	</dict>
	<key>rootObject</key>
	<string>DCFA1CB01CA9002B0053FDCC</string>
</dict>
</plist>
