// !$*UTF8*$!
{
	archiveVersion = 1;
	classes = {
	};
	objectVersion = 46;
	objects = {

/* Begin PBXBuildFile section */
		37455B6CE2BC064953218E7A /* Pods_assistme.framework in Frameworks */ = {isa = PBXBuildFile; fileRef = E52C74B8748D23618D83A66C /* Pods_assistme.framework */; };
		DC028D481CB0632C00B1CF1A /* ChatInterfaceController.swift in Sources */ = {isa = PBXBuildFile; fileRef = DC028D471CB0632C00B1CF1A /* ChatInterfaceController.swift */; };
		DC917AC61CBFD6F6007FD04A /* ChatRow.swift in Sources */ = {isa = PBXBuildFile; fileRef = DC917AC51CBFD6F6007FD04A /* ChatRow.swift */; };
		DC917ACA1CBFD75C007FD04A /* ListRow.swift in Sources */ = {isa = PBXBuildFile; fileRef = DC917AC91CBFD75C007FD04A /* ListRow.swift */; };
		DC917ACB1CBFD8C8007FD04A /* API.swift in Sources */ = {isa = PBXBuildFile; fileRef = DCFA1CFD1CA901C40053FDCC /* API.swift */; };
		DCFA1CBC1CA9002B0053FDCC /* AppDelegate.swift in Sources */ = {isa = PBXBuildFile; fileRef = DCFA1CBB1CA9002B0053FDCC /* AppDelegate.swift */; };
		DCFA1CC11CA9002B0053FDCC /* Main.storyboard in Resources */ = {isa = PBXBuildFile; fileRef = DCFA1CBF1CA9002B0053FDCC /* Main.storyboard */; };
		DCFA1CC31CA9002B0053FDCC /* Assets.xcassets in Resources */ = {isa = PBXBuildFile; fileRef = DCFA1CC21CA9002B0053FDCC /* Assets.xcassets */; };
		DCFA1CC61CA9002B0053FDCC /* LaunchScreen.storyboard in Resources */ = {isa = PBXBuildFile; fileRef = DCFA1CC41CA9002B0053FDCC /* LaunchScreen.storyboard */; };
		DCFA1CCB1CA9002B0053FDCC /* assistme WatchKit App.app in Embed Watch Content */ = {isa = PBXBuildFile; fileRef = DCFA1CCA1CA9002B0053FDCC /* assistme WatchKit App.app */; };
		DCFA1CD11CA9002B0053FDCC /* Interface.storyboard in Resources */ = {isa = PBXBuildFile; fileRef = DCFA1CCF1CA9002B0053FDCC /* Interface.storyboard */; };
		DCFA1CD31CA9002B0053FDCC /* Assets.xcassets in Resources */ = {isa = PBXBuildFile; fileRef = DCFA1CD21CA9002B0053FDCC /* Assets.xcassets */; };
		DCFA1CDA1CA9002B0053FDCC /* assistme WatchKit Extension.appex in Embed App Extensions */ = {isa = PBXBuildFile; fileRef = DCFA1CD91CA9002B0053FDCC /* assistme WatchKit Extension.appex */; settings = {ATTRIBUTES = (RemoveHeadersOnCopy, ); }; };
		DCFA1CE11CA9002B0053FDCC /* InterfaceController.swift in Sources */ = {isa = PBXBuildFile; fileRef = DCFA1CE01CA9002B0053FDCC /* InterfaceController.swift */; };
		DCFA1CE31CA9002B0053FDCC /* ExtensionDelegate.swift in Sources */ = {isa = PBXBuildFile; fileRef = DCFA1CE21CA9002B0053FDCC /* ExtensionDelegate.swift */; };
		DCFA1CE51CA9002B0053FDCC /* NotificationController.swift in Sources */ = {isa = PBXBuildFile; fileRef = DCFA1CE41CA9002B0053FDCC /* NotificationController.swift */; };
		DCFA1CE71CA9002B0053FDCC /* GlanceController.swift in Sources */ = {isa = PBXBuildFile; fileRef = DCFA1CE61CA9002B0053FDCC /* GlanceController.swift */; };
		DCFA1CE91CA9002B0053FDCC /* ComplicationController.swift in Sources */ = {isa = PBXBuildFile; fileRef = DCFA1CE81CA9002B0053FDCC /* ComplicationController.swift */; };
		DCFA1CEB1CA9002B0053FDCC /* Assets.xcassets in Resources */ = {isa = PBXBuildFile; fileRef = DCFA1CEA1CA9002B0053FDCC /* Assets.xcassets */; };
		DCFA1CFE1CA901C40053FDCC /* API.swift in Sources */ = {isa = PBXBuildFile; fileRef = DCFA1CFD1CA901C40053FDCC /* API.swift */; };
		DCFA1D021CA9022D0053FDCC /* ChatViewController.swift in Sources */ = {isa = PBXBuildFile; fileRef = DCFA1D011CA9022D0053FDCC /* ChatViewController.swift */; };
		DCFA1D041CA903530053FDCC /* TableViewController.swift in Sources */ = {isa = PBXBuildFile; fileRef = DCFA1D031CA903530053FDCC /* TableViewController.swift */; };
		DCFD8EA81CAB91690085834E /* DialogTableViewCell.swift in Sources */ = {isa = PBXBuildFile; fileRef = DCFD8EA71CAB91690085834E /* DialogTableViewCell.swift */; };
/* End PBXBuildFile section */

/* Begin PBXContainerItemProxy section */
		DCFA1CCC1CA9002B0053FDCC /* PBXContainerItemProxy */ = {
			isa = PBXContainerItemProxy;
			containerPortal = DCFA1CB01CA9002B0053FDCC /* Project object */;
			proxyType = 1;
			remoteGlobalIDString = DCFA1CC91CA9002B0053FDCC;
			remoteInfo = "assistme WatchKit App";
		};
		DCFA1CDB1CA9002B0053FDCC /* PBXContainerItemProxy */ = {
			isa = PBXContainerItemProxy;
			containerPortal = DCFA1CB01CA9002B0053FDCC /* Project object */;
			proxyType = 1;
			remoteGlobalIDString = DCFA1CD81CA9002B0053FDCC;
			remoteInfo = "assistme WatchKit Extension";
		};
/* End PBXContainerItemProxy section */

/* Begin PBXCopyFilesBuildPhase section */
		DCFA1CF21CA9002B0053FDCC /* Embed App Extensions */ = {
			isa = PBXCopyFilesBuildPhase;
			buildActionMask = 2147483647;
			dstPath = "";
			dstSubfolderSpec = 13;
			files = (
				DCFA1CDA1CA9002B0053FDCC /* assistme WatchKit Extension.appex in Embed App Extensions */,
			);
			name = "Embed App Extensions";
			runOnlyForDeploymentPostprocessing = 0;
		};
		DCFA1CF61CA9002B0053FDCC /* Embed Watch Content */ = {
			isa = PBXCopyFilesBuildPhase;
			buildActionMask = 2147483647;
			dstPath = "$(CONTENTS_FOLDER_PATH)/Watch";
			dstSubfolderSpec = 16;
			files = (
				DCFA1CCB1CA9002B0053FDCC /* assistme WatchKit App.app in Embed Watch Content */,
			);
			name = "Embed Watch Content";
			runOnlyForDeploymentPostprocessing = 0;
		};
/* End PBXCopyFilesBuildPhase section */

/* Begin PBXFileReference section */
		52D9114C42FF92C19A5A0836 /* Pods-assistme.debug.xcconfig */ = {isa = PBXFileReference; includeInIndex = 1; lastKnownFileType = text.xcconfig; name = "Pods-assistme.debug.xcconfig"; path = "Pods/Target Support Files/Pods-assistme/Pods-assistme.debug.xcconfig"; sourceTree = "<group>"; };
		6FF79CF22C7CA1B303AD33B6 /* Pods-assistme.release.xcconfig */ = {isa = PBXFileReference; includeInIndex = 1; lastKnownFileType = text.xcconfig; name = "Pods-assistme.release.xcconfig"; path = "Pods/Target Support Files/Pods-assistme/Pods-assistme.release.xcconfig"; sourceTree = "<group>"; };
		DC028D471CB0632C00B1CF1A /* ChatInterfaceController.swift */ = {isa = PBXFileReference; fileEncoding = 4; lastKnownFileType = sourcecode.swift; path = ChatInterfaceController.swift; sourceTree = "<group>"; };
		DC917AC51CBFD6F6007FD04A /* ChatRow.swift */ = {isa = PBXFileReference; fileEncoding = 4; lastKnownFileType = sourcecode.swift; path = ChatRow.swift; sourceTree = "<group>"; };
		DC917AC91CBFD75C007FD04A /* ListRow.swift */ = {isa = PBXFileReference; fileEncoding = 4; lastKnownFileType = sourcecode.swift; path = ListRow.swift; sourceTree = "<group>"; };
		DCFA1CB81CA9002B0053FDCC /* assistme.app */ = {isa = PBXFileReference; explicitFileType = wrapper.application; includeInIndex = 0; path = assistme.app; sourceTree = BUILT_PRODUCTS_DIR; };
		DCFA1CBB1CA9002B0053FDCC /* AppDelegate.swift */ = {isa = PBXFileReference; lastKnownFileType = sourcecode.swift; path = AppDelegate.swift; sourceTree = "<group>"; };
		DCFA1CC01CA9002B0053FDCC /* Base */ = {isa = PBXFileReference; lastKnownFileType = file.storyboard; name = Base; path = Base.lproj/Main.storyboard; sourceTree = "<group>"; };
		DCFA1CC21CA9002B0053FDCC /* Assets.xcassets */ = {isa = PBXFileReference; lastKnownFileType = folder.assetcatalog; path = Assets.xcassets; sourceTree = "<group>"; };
		DCFA1CC51CA9002B0053FDCC /* Base */ = {isa = PBXFileReference; lastKnownFileType = file.storyboard; name = Base; path = Base.lproj/LaunchScreen.storyboard; sourceTree = "<group>"; };
		DCFA1CC71CA9002B0053FDCC /* Info.plist */ = {isa = PBXFileReference; lastKnownFileType = text.plist.xml; path = Info.plist; sourceTree = "<group>"; };
		DCFA1CCA1CA9002B0053FDCC /* assistme WatchKit App.app */ = {isa = PBXFileReference; explicitFileType = wrapper.application; includeInIndex = 0; path = "assistme WatchKit App.app"; sourceTree = BUILT_PRODUCTS_DIR; };
		DCFA1CD01CA9002B0053FDCC /* Base */ = {isa = PBXFileReference; lastKnownFileType = file.storyboard; name = Base; path = Base.lproj/Interface.storyboard; sourceTree = "<group>"; };
		DCFA1CD21CA9002B0053FDCC /* Assets.xcassets */ = {isa = PBXFileReference; lastKnownFileType = folder.assetcatalog; path = Assets.xcassets; sourceTree = "<group>"; };
		DCFA1CD41CA9002B0053FDCC /* Info.plist */ = {isa = PBXFileReference; lastKnownFileType = text.plist.xml; path = Info.plist; sourceTree = "<group>"; };
		DCFA1CD91CA9002B0053FDCC /* assistme WatchKit Extension.appex */ = {isa = PBXFileReference; explicitFileType = "wrapper.app-extension"; includeInIndex = 0; path = "assistme WatchKit Extension.appex"; sourceTree = BUILT_PRODUCTS_DIR; };
		DCFA1CDF1CA9002B0053FDCC /* PushNotificationPayload.apns */ = {isa = PBXFileReference; lastKnownFileType = text; path = PushNotificationPayload.apns; sourceTree = "<group>"; };
		DCFA1CE01CA9002B0053FDCC /* InterfaceController.swift */ = {isa = PBXFileReference; lastKnownFileType = sourcecode.swift; path = InterfaceController.swift; sourceTree = "<group>"; };
		DCFA1CE21CA9002B0053FDCC /* ExtensionDelegate.swift */ = {isa = PBXFileReference; lastKnownFileType = sourcecode.swift; path = ExtensionDelegate.swift; sourceTree = "<group>"; };
		DCFA1CE41CA9002B0053FDCC /* NotificationController.swift */ = {isa = PBXFileReference; lastKnownFileType = sourcecode.swift; path = NotificationController.swift; sourceTree = "<group>"; };
		DCFA1CE61CA9002B0053FDCC /* GlanceController.swift */ = {isa = PBXFileReference; lastKnownFileType = sourcecode.swift; path = GlanceController.swift; sourceTree = "<group>"; };
		DCFA1CE81CA9002B0053FDCC /* ComplicationController.swift */ = {isa = PBXFileReference; lastKnownFileType = sourcecode.swift; path = ComplicationController.swift; sourceTree = "<group>"; };
		DCFA1CEA1CA9002B0053FDCC /* Assets.xcassets */ = {isa = PBXFileReference; lastKnownFileType = folder.assetcatalog; path = Assets.xcassets; sourceTree = "<group>"; };
		DCFA1CEC1CA9002B0053FDCC /* Info.plist */ = {isa = PBXFileReference; lastKnownFileType = text.plist.xml; path = Info.plist; sourceTree = "<group>"; };
		DCFA1CFD1CA901C40053FDCC /* API.swift */ = {isa = PBXFileReference; fileEncoding = 4; lastKnownFileType = sourcecode.swift; path = API.swift; sourceTree = "<group>"; };
		DCFA1D011CA9022D0053FDCC /* ChatViewController.swift */ = {isa = PBXFileReference; fileEncoding = 4; lastKnownFileType = sourcecode.swift; path = ChatViewController.swift; sourceTree = "<group>"; };
		DCFA1D031CA903530053FDCC /* TableViewController.swift */ = {isa = PBXFileReference; fileEncoding = 4; lastKnownFileType = sourcecode.swift; path = TableViewController.swift; sourceTree = "<group>"; };
		DCFD8EA71CAB91690085834E /* DialogTableViewCell.swift */ = {isa = PBXFileReference; fileEncoding = 4; lastKnownFileType = sourcecode.swift; path = DialogTableViewCell.swift; sourceTree = "<group>"; };
		DCFD8EA91CABCBAD0085834E /* Bridging-Header.h */ = {isa = PBXFileReference; fileEncoding = 4; lastKnownFileType = sourcecode.c.h; path = "Bridging-Header.h"; sourceTree = "<group>"; };
		E52C74B8748D23618D83A66C /* Pods_assistme.framework */ = {isa = PBXFileReference; explicitFileType = wrapper.framework; includeInIndex = 0; path = Pods_assistme.framework; sourceTree = BUILT_PRODUCTS_DIR; };
/* End PBXFileReference section */

/* Begin PBXFrameworksBuildPhase section */
		DCFA1CB51CA9002B0053FDCC /* Frameworks */ = {
			isa = PBXFrameworksBuildPhase;
			buildActionMask = 2147483647;
			files = (
				37455B6CE2BC064953218E7A /* Pods_assistme.framework in Frameworks */,
			);
			runOnlyForDeploymentPostprocessing = 0;
		};
		DCFA1CD61CA9002B0053FDCC /* Frameworks */ = {
			isa = PBXFrameworksBuildPhase;
			buildActionMask = 2147483647;
			files = (
			);
			runOnlyForDeploymentPostprocessing = 0;
		};
/* End PBXFrameworksBuildPhase section */

/* Begin PBXGroup section */
		599E7A00F0F64CB0C491B3BD /* Pods */ = {
			isa = PBXGroup;
			children = (
				52D9114C42FF92C19A5A0836 /* Pods-assistme.debug.xcconfig */,
				6FF79CF22C7CA1B303AD33B6 /* Pods-assistme.release.xcconfig */,
			);
			name = Pods;
			sourceTree = "<group>";
		};
		8A9BDCC6169A28E5935780DF /* Frameworks */ = {
			isa = PBXGroup;
			children = (
				E52C74B8748D23618D83A66C /* Pods_assistme.framework */,
			);
			name = Frameworks;
			sourceTree = "<group>";
		};
		DCFA1CAF1CA9002B0053FDCC = {
			isa = PBXGroup;
			children = (
				DCFA1CFC1CA901A30053FDCC /* Shared */,
				DCFA1CBA1CA9002B0053FDCC /* assistme */,
				DCFA1CCE1CA9002B0053FDCC /* assistme WatchKit App */,
				DCFA1CDD1CA9002B0053FDCC /* assistme WatchKit Extension */,
				DCFA1CB91CA9002B0053FDCC /* Products */,
				599E7A00F0F64CB0C491B3BD /* Pods */,
				8A9BDCC6169A28E5935780DF /* Frameworks */,
			);
			sourceTree = "<group>";
		};
		DCFA1CB91CA9002B0053FDCC /* Products */ = {
			isa = PBXGroup;
			children = (
				DCFA1CB81CA9002B0053FDCC /* assistme.app */,
				DCFA1CCA1CA9002B0053FDCC /* assistme WatchKit App.app */,
				DCFA1CD91CA9002B0053FDCC /* assistme WatchKit Extension.appex */,
			);
			name = Products;
			sourceTree = "<group>";
		};
		DCFA1CBA1CA9002B0053FDCC /* assistme */ = {
			isa = PBXGroup;
			children = (
				DCFA1CBB1CA9002B0053FDCC /* AppDelegate.swift */,
				DCFA1CBF1CA9002B0053FDCC /* Main.storyboard */,
				DCFA1CC21CA9002B0053FDCC /* Assets.xcassets */,
				DCFA1CC41CA9002B0053FDCC /* LaunchScreen.storyboard */,
				DCFA1CC71CA9002B0053FDCC /* Info.plist */,
				DCFA1D011CA9022D0053FDCC /* ChatViewController.swift */,
				DCFA1D031CA903530053FDCC /* TableViewController.swift */,
				DCFD8EA71CAB91690085834E /* DialogTableViewCell.swift */,
			);
			path = assistme;
			sourceTree = "<group>";
		};
		DCFA1CCE1CA9002B0053FDCC /* assistme WatchKit App */ = {
			isa = PBXGroup;
			children = (
				DCFA1CCF1CA9002B0053FDCC /* Interface.storyboard */,
				DCFA1CD21CA9002B0053FDCC /* Assets.xcassets */,
				DCFA1CD41CA9002B0053FDCC /* Info.plist */,
			);
			path = "assistme WatchKit App";
			sourceTree = "<group>";
		};
		DCFA1CDD1CA9002B0053FDCC /* assistme WatchKit Extension */ = {
			isa = PBXGroup;
			children = (
				DCFA1CE01CA9002B0053FDCC /* InterfaceController.swift */,
				DCFA1CE21CA9002B0053FDCC /* ExtensionDelegate.swift */,
				DCFA1CE41CA9002B0053FDCC /* NotificationController.swift */,
				DCFA1CE61CA9002B0053FDCC /* GlanceController.swift */,
				DCFA1CE81CA9002B0053FDCC /* ComplicationController.swift */,
				DC917AC91CBFD75C007FD04A /* ListRow.swift */,
				DC917AC51CBFD6F6007FD04A /* ChatRow.swift */,
				DC028D471CB0632C00B1CF1A /* ChatInterfaceController.swift */,
				DCFA1CEA1CA9002B0053FDCC /* Assets.xcassets */,
				DCFA1CEC1CA9002B0053FDCC /* Info.plist */,
				DCFA1CDE1CA9002B0053FDCC /* Supporting Files */,
			);
			path = "assistme WatchKit Extension";
			sourceTree = "<group>";
		};
		DCFA1CDE1CA9002B0053FDCC /* Supporting Files */ = {
			isa = PBXGroup;
			children = (
				DCFA1CDF1CA9002B0053FDCC /* PushNotificationPayload.apns */,
			);
			name = "Supporting Files";
			sourceTree = "<group>";
		};
		DCFA1CFC1CA901A30053FDCC /* Shared */ = {
			isa = PBXGroup;
			children = (
				DCFA1CFD1CA901C40053FDCC /* API.swift */,
				DCFD8EA91CABCBAD0085834E /* Bridging-Header.h */,
			);
			name = Shared;
			path = assistme;
			sourceTree = "<group>";
		};
/* End PBXGroup section */

/* Begin PBXNativeTarget section */
		DCFA1CB71CA9002B0053FDCC /* assistme */ = {
			isa = PBXNativeTarget;
			buildConfigurationList = DCFA1CF71CA9002B0053FDCC /* Build configuration list for PBXNativeTarget "assistme" */;
			buildPhases = (
				32663598129AC8B294F8053D /* Check Pods Manifest.lock */,
				DCFA1CB41CA9002B0053FDCC /* Sources */,
				DCFA1CB51CA9002B0053FDCC /* Frameworks */,
				DCFA1CB61CA9002B0053FDCC /* Resources */,
				DCFA1CF61CA9002B0053FDCC /* Embed Watch Content */,
				E5725956F82ACA8C32FF7AC2 /* Embed Pods Frameworks */,
				440DCDEB405C0E092B6756A9 /* Copy Pods Resources */,
			);
			buildRules = (
			);
			dependencies = (
				DCFA1CCD1CA9002B0053FDCC /* PBXTargetDependency */,
			);
			name = assistme;
			productName = assistme;
			productReference = DCFA1CB81CA9002B0053FDCC /* assistme.app */;
			productType = "com.apple.product-type.application";
		};
		DCFA1CC91CA9002B0053FDCC /* assistme WatchKit App */ = {
			isa = PBXNativeTarget;
			buildConfigurationList = DCFA1CF31CA9002B0053FDCC /* Build configuration list for PBXNativeTarget "assistme WatchKit App" */;
			buildPhases = (
				DCFA1CC81CA9002B0053FDCC /* Resources */,
				DCFA1CF21CA9002B0053FDCC /* Embed App Extensions */,
			);
			buildRules = (
			);
			dependencies = (
				DCFA1CDC1CA9002B0053FDCC /* PBXTargetDependency */,
			);
			name = "assistme WatchKit App";
			productName = "assistme WatchKit App";
			productReference = DCFA1CCA1CA9002B0053FDCC /* assistme WatchKit App.app */;
			productType = "com.apple.product-type.application.watchapp2";
		};
		DCFA1CD81CA9002B0053FDCC /* assistme WatchKit Extension */ = {
			isa = PBXNativeTarget;
			buildConfigurationList = DCFA1CEF1CA9002B0053FDCC /* Build configuration list for PBXNativeTarget "assistme WatchKit Extension" */;
			buildPhases = (
				DCFA1CD51CA9002B0053FDCC /* Sources */,
				DCFA1CD61CA9002B0053FDCC /* Frameworks */,
				DCFA1CD71CA9002B0053FDCC /* Resources */,
			);
			buildRules = (
			);
			dependencies = (
			);
			name = "assistme WatchKit Extension";
			productName = "assistme WatchKit Extension";
			productReference = DCFA1CD91CA9002B0053FDCC /* assistme WatchKit Extension.appex */;
			productType = "com.apple.product-type.watchkit2-extension";
		};
/* End PBXNativeTarget section */

/* Begin PBXProject section */
		DCFA1CB01CA9002B0053FDCC /* Project object */ = {
			isa = PBXProject;
			attributes = {
				LastSwiftUpdateCheck = 0730;
				LastUpgradeCheck = 0730;
				ORGANIZATIONNAME = "Claudius Mbemba";
				TargetAttributes = {
					DCFA1CB71CA9002B0053FDCC = {
						CreatedOnToolsVersion = 7.3;
					};
					DCFA1CC91CA9002B0053FDCC = {
						CreatedOnToolsVersion = 7.3;
					};
					DCFA1CD81CA9002B0053FDCC = {
						CreatedOnToolsVersion = 7.3;
					};
				};
			};
			buildConfigurationList = DCFA1CB31CA9002B0053FDCC /* Build configuration list for PBXProject "assistme" */;
			compatibilityVersion = "Xcode 3.2";
			developmentRegion = English;
			hasScannedForEncodings = 0;
			knownRegions = (
				en,
				Base,
			);
			mainGroup = DCFA1CAF1CA9002B0053FDCC;
			productRefGroup = DCFA1CB91CA9002B0053FDCC /* Products */;
			projectDirPath = "";
			projectRoot = "";
			targets = (
				DCFA1CB71CA9002B0053FDCC /* assistme */,
				DCFA1CC91CA9002B0053FDCC /* assistme WatchKit App */,
				DCFA1CD81CA9002B0053FDCC /* assistme WatchKit Extension */,
			);
		};
/* End PBXProject section */

/* Begin PBXResourcesBuildPhase section */
		DCFA1CB61CA9002B0053FDCC /* Resources */ = {
			isa = PBXResourcesBuildPhase;
			buildActionMask = 2147483647;
			files = (
				DCFA1CC61CA9002B0053FDCC /* LaunchScreen.storyboard in Resources */,
				DCFA1CC31CA9002B0053FDCC /* Assets.xcassets in Resources */,
				DCFA1CC11CA9002B0053FDCC /* Main.storyboard in Resources */,
			);
			runOnlyForDeploymentPostprocessing = 0;
		};
		DCFA1CC81CA9002B0053FDCC /* Resources */ = {
			isa = PBXResourcesBuildPhase;
			buildActionMask = 2147483647;
			files = (
				DCFA1CD31CA9002B0053FDCC /* Assets.xcassets in Resources */,
				DCFA1CD11CA9002B0053FDCC /* Interface.storyboard in Resources */,
			);
			runOnlyForDeploymentPostprocessing = 0;
		};
		DCFA1CD71CA9002B0053FDCC /* Resources */ = {
			isa = PBXResourcesBuildPhase;
			buildActionMask = 2147483647;
			files = (
				DCFA1CEB1CA9002B0053FDCC /* Assets.xcassets in Resources */,
			);
			runOnlyForDeploymentPostprocessing = 0;
		};
/* End PBXResourcesBuildPhase section */

/* Begin PBXShellScriptBuildPhase section */
		32663598129AC8B294F8053D /* Check Pods Manifest.lock */ = {
			isa = PBXShellScriptBuildPhase;
			buildActionMask = 2147483647;
			files = (
			);
			inputPaths = (
			);
			name = "Check Pods Manifest.lock";
			outputPaths = (
			);
			runOnlyForDeploymentPostprocessing = 0;
			shellPath = /bin/sh;
			shellScript = "diff \"${PODS_ROOT}/../Podfile.lock\" \"${PODS_ROOT}/Manifest.lock\" > /dev/null\nif [[ $? != 0 ]] ; then\n    cat << EOM\nerror: The sandbox is not in sync with the Podfile.lock. Run 'pod install' or update your CocoaPods installation.\nEOM\n    exit 1\nfi\n";
			showEnvVarsInLog = 0;
		};
		440DCDEB405C0E092B6756A9 /* Copy Pods Resources */ = {
			isa = PBXShellScriptBuildPhase;
			buildActionMask = 2147483647;
			files = (
			);
			inputPaths = (
			);
			name = "Copy Pods Resources";
			outputPaths = (
			);
			runOnlyForDeploymentPostprocessing = 0;
			shellPath = /bin/sh;
			shellScript = "\"${SRCROOT}/Pods/Target Support Files/Pods-assistme/Pods-assistme-resources.sh\"\n";
			showEnvVarsInLog = 0;
		};
		E5725956F82ACA8C32FF7AC2 /* Embed Pods Frameworks */ = {
			isa = PBXShellScriptBuildPhase;
			buildActionMask = 2147483647;
			files = (
			);
			inputPaths = (
			);
			name = "Embed Pods Frameworks";
			outputPaths = (
			);
			runOnlyForDeploymentPostprocessing = 0;
			shellPath = /bin/sh;
			shellScript = "\"${SRCROOT}/Pods/Target Support Files/Pods-assistme/Pods-assistme-frameworks.sh\"\n";
			showEnvVarsInLog = 0;
		};
/* End PBXShellScriptBuildPhase section */

/* Begin PBXSourcesBuildPhase section */
		DCFA1CB41CA9002B0053FDCC /* Sources */ = {
			isa = PBXSourcesBuildPhase;
			buildActionMask = 2147483647;
			files = (
				DCFA1CFE1CA901C40053FDCC /* API.swift in Sources */,
				DCFA1D021CA9022D0053FDCC /* ChatViewController.swift in Sources */,
				DCFD8EA81CAB91690085834E /* DialogTableViewCell.swift in Sources */,
				DCFA1CBC1CA9002B0053FDCC /* AppDelegate.swift in Sources */,
				DCFA1D041CA903530053FDCC /* TableViewController.swift in Sources */,
			);
			runOnlyForDeploymentPostprocessing = 0;
		};
		DCFA1CD51CA9002B0053FDCC /* Sources */ = {
			isa = PBXSourcesBuildPhase;
			buildActionMask = 2147483647;
			files = (
				DC917AC61CBFD6F6007FD04A /* ChatRow.swift in Sources */,
				DCFA1CE51CA9002B0053FDCC /* NotificationController.swift in Sources */,
				DCFA1CE31CA9002B0053FDCC /* ExtensionDelegate.swift in Sources */,
				DCFA1CE91CA9002B0053FDCC /* ComplicationController.swift in Sources */,
				DCFA1CE11CA9002B0053FDCC /* InterfaceController.swift in Sources */,
				DC028D481CB0632C00B1CF1A /* ChatInterfaceController.swift in Sources */,
				DCFA1CE71CA9002B0053FDCC /* GlanceController.swift in Sources */,
				DC917ACB1CBFD8C8007FD04A /* API.swift in Sources */,
				DC917ACA1CBFD75C007FD04A /* ListRow.swift in Sources */,
			);
			runOnlyForDeploymentPostprocessing = 0;
		};
/* End PBXSourcesBuildPhase section */

/* Begin PBXTargetDependency section */
		DCFA1CCD1CA9002B0053FDCC /* PBXTargetDependency */ = {
			isa = PBXTargetDependency;
			target = DCFA1CC91CA9002B0053FDCC /* assistme WatchKit App */;
			targetProxy = DCFA1CCC1CA9002B0053FDCC /* PBXContainerItemProxy */;
		};
		DCFA1CDC1CA9002B0053FDCC /* PBXTargetDependency */ = {
			isa = PBXTargetDependency;
			target = DCFA1CD81CA9002B0053FDCC /* assistme WatchKit Extension */;
			targetProxy = DCFA1CDB1CA9002B0053FDCC /* PBXContainerItemProxy */;
		};
/* End PBXTargetDependency section */

/* Begin PBXVariantGroup section */
		DCFA1CBF1CA9002B0053FDCC /* Main.storyboard */ = {
			isa = PBXVariantGroup;
			children = (
				DCFA1CC01CA9002B0053FDCC /* Base */,
			);
			name = Main.storyboard;
			sourceTree = "<group>";
		};
		DCFA1CC41CA9002B0053FDCC /* LaunchScreen.storyboard */ = {
			isa = PBXVariantGroup;
			children = (
				DCFA1CC51CA9002B0053FDCC /* Base */,
			);
			name = LaunchScreen.storyboard;
			sourceTree = "<group>";
		};
		DCFA1CCF1CA9002B0053FDCC /* Interface.storyboard */ = {
			isa = PBXVariantGroup;
			children = (
				DCFA1CD01CA9002B0053FDCC /* Base */,
			);
			name = Interface.storyboard;
			sourceTree = "<group>";
		};
/* End PBXVariantGroup section */

/* Begin XCBuildConfiguration section */
		DCFA1CED1CA9002B0053FDCC /* Debug */ = {
			isa = XCBuildConfiguration;
			buildSettings = {
				ALWAYS_SEARCH_USER_PATHS = NO;
				CLANG_ANALYZER_NONNULL = YES;
				CLANG_CXX_LANGUAGE_STANDARD = "gnu++0x";
				CLANG_CXX_LIBRARY = "libc++";
				CLANG_ENABLE_MODULES = YES;
				CLANG_ENABLE_OBJC_ARC = YES;
				CLANG_WARN_BOOL_CONVERSION = YES;
				CLANG_WARN_CONSTANT_CONVERSION = YES;
				CLANG_WARN_DIRECT_OBJC_ISA_USAGE = YES_ERROR;
				CLANG_WARN_EMPTY_BODY = YES;
				CLANG_WARN_ENUM_CONVERSION = YES;
				CLANG_WARN_INT_CONVERSION = YES;
				CLANG_WARN_OBJC_ROOT_CLASS = YES_ERROR;
				CLANG_WARN_UNREACHABLE_CODE = YES;
				CLANG_WARN__DUPLICATE_METHOD_MATCH = YES;
				"CODE_SIGN_IDENTITY[sdk=iphoneos*]" = "iPhone Developer";
				COPY_PHASE_STRIP = NO;
				DEBUG_INFORMATION_FORMAT = dwarf;
				ENABLE_STRICT_OBJC_MSGSEND = YES;
				ENABLE_TESTABILITY = YES;
				GCC_C_LANGUAGE_STANDARD = gnu99;
				GCC_DYNAMIC_NO_PIC = NO;
				GCC_NO_COMMON_BLOCKS = YES;
				GCC_OPTIMIZATION_LEVEL = 0;
				GCC_PREPROCESSOR_DEFINITIONS = (
					"DEBUG=1",
					"$(inherited)",
				);
				GCC_WARN_64_TO_32_BIT_CONVERSION = YES;
				GCC_WARN_ABOUT_RETURN_TYPE = YES_ERROR;
				GCC_WARN_UNDECLARED_SELECTOR = YES;
				GCC_WARN_UNINITIALIZED_AUTOS = YES_AGGRESSIVE;
				GCC_WARN_UNUSED_FUNCTION = YES;
				GCC_WARN_UNUSED_VARIABLE = YES;
				IPHONEOS_DEPLOYMENT_TARGET = 9.3;
				MTL_ENABLE_DEBUG_INFO = YES;
				ONLY_ACTIVE_ARCH = YES;
				SDKROOT = iphoneos;
				SWIFT_OPTIMIZATION_LEVEL = "-Onone";
			};
			name = Debug;
		};
		DCFA1CEE1CA9002B0053FDCC /* Release */ = {
			isa = XCBuildConfiguration;
			buildSettings = {
				ALWAYS_SEARCH_USER_PATHS = NO;
				CLANG_ANALYZER_NONNULL = YES;
				CLANG_CXX_LANGUAGE_STANDARD = "gnu++0x";
				CLANG_CXX_LIBRARY = "libc++";
				CLANG_ENABLE_MODULES = YES;
				CLANG_ENABLE_OBJC_ARC = YES;
				CLANG_WARN_BOOL_CONVERSION = YES;
				CLANG_WARN_CONSTANT_CONVERSION = YES;
				CLANG_WARN_DIRECT_OBJC_ISA_USAGE = YES_ERROR;
				CLANG_WARN_EMPTY_BODY = YES;
				CLANG_WARN_ENUM_CONVERSION = YES;
				CLANG_WARN_INT_CONVERSION = YES;
				CLANG_WARN_OBJC_ROOT_CLASS = YES_ERROR;
				CLANG_WARN_UNREACHABLE_CODE = YES;
				CLANG_WARN__DUPLICATE_METHOD_MATCH = YES;
				"CODE_SIGN_IDENTITY[sdk=iphoneos*]" = "iPhone Developer";
				COPY_PHASE_STRIP = NO;
				DEBUG_INFORMATION_FORMAT = "dwarf-with-dsym";
				ENABLE_NS_ASSERTIONS = NO;
				ENABLE_STRICT_OBJC_MSGSEND = YES;
				GCC_C_LANGUAGE_STANDARD = gnu99;
				GCC_NO_COMMON_BLOCKS = YES;
				GCC_WARN_64_TO_32_BIT_CONVERSION = YES;
				GCC_WARN_ABOUT_RETURN_TYPE = YES_ERROR;
				GCC_WARN_UNDECLARED_SELECTOR = YES;
				GCC_WARN_UNINITIALIZED_AUTOS = YES_AGGRESSIVE;
				GCC_WARN_UNUSED_FUNCTION = YES;
				GCC_WARN_UNUSED_VARIABLE = YES;
				IPHONEOS_DEPLOYMENT_TARGET = 9.3;
				MTL_ENABLE_DEBUG_INFO = NO;
				SDKROOT = iphoneos;
				VALIDATE_PRODUCT = YES;
			};
			name = Release;
		};
		DCFA1CF01CA9002B0053FDCC /* Debug */ = {
			isa = XCBuildConfiguration;
			buildSettings = {
				ASSETCATALOG_COMPILER_COMPLICATION_NAME = Complication;
				INFOPLIST_FILE = "assistme WatchKit Extension/Info.plist";
				LD_RUNPATH_SEARCH_PATHS = "$(inherited) @executable_path/Frameworks @executable_path/../../Frameworks";
				PRODUCT_BUNDLE_IDENTIFIER = com.claudiusmbemba.assistme.watchkitapp.watchkitextension;
				PRODUCT_NAME = "${TARGET_NAME}";
				SDKROOT = watchos;
				SKIP_INSTALL = YES;
				TARGETED_DEVICE_FAMILY = 4;
				WATCHOS_DEPLOYMENT_TARGET = 2.2;
			};
			name = Debug;
		};
		DCFA1CF11CA9002B0053FDCC /* Release */ = {
			isa = XCBuildConfiguration;
			buildSettings = {
				ASSETCATALOG_COMPILER_COMPLICATION_NAME = Complication;
				INFOPLIST_FILE = "assistme WatchKit Extension/Info.plist";
				LD_RUNPATH_SEARCH_PATHS = "$(inherited) @executable_path/Frameworks @executable_path/../../Frameworks";
				PRODUCT_BUNDLE_IDENTIFIER = com.claudiusmbemba.assistme.watchkitapp.watchkitextension;
				PRODUCT_NAME = "${TARGET_NAME}";
				SDKROOT = watchos;
				SKIP_INSTALL = YES;
				TARGETED_DEVICE_FAMILY = 4;
				WATCHOS_DEPLOYMENT_TARGET = 2.2;
			};
			name = Release;
		};
		DCFA1CF41CA9002B0053FDCC /* Debug */ = {
			isa = XCBuildConfiguration;
			buildSettings = {
				ASSETCATALOG_COMPILER_APPICON_NAME = AppIcon;
				EMBEDDED_CONTENT_CONTAINS_SWIFT = YES;
				IBSC_MODULE = assistme_WatchKit_Extension;
				INFOPLIST_FILE = "assistme WatchKit App/Info.plist";
				PRODUCT_BUNDLE_IDENTIFIER = com.claudiusmbemba.assistme.watchkitapp;
				PRODUCT_NAME = "$(TARGET_NAME)";
				SDKROOT = watchos;
				SKIP_INSTALL = YES;
				TARGETED_DEVICE_FAMILY = 4;
				WATCHOS_DEPLOYMENT_TARGET = 2.2;
			};
			name = Debug;
		};
		DCFA1CF51CA9002B0053FDCC /* Release */ = {
			isa = XCBuildConfiguration;
			buildSettings = {
				ASSETCATALOG_COMPILER_APPICON_NAME = AppIcon;
				EMBEDDED_CONTENT_CONTAINS_SWIFT = YES;
				IBSC_MODULE = assistme_WatchKit_Extension;
				INFOPLIST_FILE = "assistme WatchKit App/Info.plist";
				PRODUCT_BUNDLE_IDENTIFIER = com.claudiusmbemba.assistme.watchkitapp;
				PRODUCT_NAME = "$(TARGET_NAME)";
				SDKROOT = watchos;
				SKIP_INSTALL = YES;
				TARGETED_DEVICE_FAMILY = 4;
				WATCHOS_DEPLOYMENT_TARGET = 2.2;
			};
			name = Release;
		};
		DCFA1CF81CA9002B0053FDCC /* Debug */ = {
			isa = XCBuildConfiguration;
			baseConfigurationReference = 52D9114C42FF92C19A5A0836 /* Pods-assistme.debug.xcconfig */;
			buildSettings = {
				ASSETCATALOG_COMPILER_APPICON_NAME = AppIcon;
				INFOPLIST_FILE = assistme/Info.plist;
				LD_RUNPATH_SEARCH_PATHS = "$(inherited) @executable_path/Frameworks";
				PRODUCT_BUNDLE_IDENTIFIER = com.claudiusmbemba.assistme;
				PRODUCT_NAME = "$(TARGET_NAME)";
				SWIFT_OBJC_BRIDGING_HEADER = "$(PROJECT_DIR)/assistme/Bridging-Header.h";
				USER_HEADER_SEARCH_PATHS = Pods;
			};
			name = Debug;
		};
		DCFA1CF91CA9002B0053FDCC /* Release */ = {
			isa = XCBuildConfiguration;
			baseConfigurationReference = 6FF79CF22C7CA1B303AD33B6 /* Pods-assistme.release.xcconfig */;
			buildSettings = {
				ASSETCATALOG_COMPILER_APPICON_NAME = AppIcon;
				INFOPLIST_FILE = assistme/Info.plist;
				LD_RUNPATH_SEARCH_PATHS = "$(inherited) @executable_path/Frameworks";
				PRODUCT_BUNDLE_IDENTIFIER = com.claudiusmbemba.assistme;
				PRODUCT_NAME = "$(TARGET_NAME)";
				SWIFT_OBJC_BRIDGING_HEADER = "$(PROJECT_DIR)/assistme/Bridging-Header.h";
				USER_HEADER_SEARCH_PATHS = Pods;
			};
			name = Release;
		};
/* End XCBuildConfiguration section */

/* Begin XCConfigurationList section */
		DCFA1CB31CA9002B0053FDCC /* Build configuration list for PBXProject "assistme" */ = {
			isa = XCConfigurationList;
			buildConfigurations = (
				DCFA1CED1CA9002B0053FDCC /* Debug */,
				DCFA1CEE1CA9002B0053FDCC /* Release */,
			);
			defaultConfigurationIsVisible = 0;
			defaultConfigurationName = Release;
		};
		DCFA1CEF1CA9002B0053FDCC /* Build configuration list for PBXNativeTarget "assistme WatchKit Extension" */ = {
			isa = XCConfigurationList;
			buildConfigurations = (
				DCFA1CF01CA9002B0053FDCC /* Debug */,
				DCFA1CF11CA9002B0053FDCC /* Release */,
			);
			defaultConfigurationIsVisible = 0;
			defaultConfigurationName = Release;
		};
		DCFA1CF31CA9002B0053FDCC /* Build configuration list for PBXNativeTarget "assistme WatchKit App" */ = {
			isa = XCConfigurationList;
			buildConfigurations = (
				DCFA1CF41CA9002B0053FDCC /* Debug */,
				DCFA1CF51CA9002B0053FDCC /* Release */,
			);
			defaultConfigurationIsVisible = 0;
			defaultConfigurationName = Release;
		};
		DCFA1CF71CA9002B0053FDCC /* Build configuration list for PBXNativeTarget "assistme" */ = {
			isa = XCConfigurationList;
			buildConfigurations = (
				DCFA1CF81CA9002B0053FDCC /* Debug */,
				DCFA1CF91CA9002B0053FDCC /* Release */,
			);
			defaultConfigurationIsVisible = 0;
			defaultConfigurationName = Release;
		};
/* End XCConfigurationList section */
	};
	rootObject = DCFA1CB01CA9002B0053FDCC /* Project object */;
}
